{
    "requires": true,
    "lockfileVersion": 1,
    "dependencies": {
        "@mdi/light-font": {
            "version": "0.2.63",
            "resolved": "https://registry.npmjs.org/@mdi/light-font/-/light-font-0.2.63.tgz",
            "integrity": "sha512-6JaP/rHo2ik6G26zeWmuVNa7iEqsC4Rwry25DfO7BjLxiLckAMvYmQIGlzn1I7Y6PblHAwNlcPjL1vFIg366Og=="
        },
        "@mdi/light-svg": {
            "version": "0.2.63",
            "resolved": "https://registry.npmjs.org/@mdi/light-svg/-/light-svg-0.2.63.tgz",
            "integrity": "sha512-lPRA1vRevJn9FSuT535rjaCQpE0fTUOuQ6hfqEI60J8vGlExtHQGu7uQcljs3/EJJpmyvij3I/d3JxGI0wpXTw=="
        }
    }
}
